{
    "_readme": [
        "This file locks the dependencies of your project to a known state",
        "Read more about it at https://getcomposer.org/doc/01-basic-usage.md#installing-dependencies",
        "This file is @generated automatically"
    ],
    "content-hash": "dfd5a5524c2ae6e8267eb53953c2cc6d",
    "packages": [
        {
            "name": "unzerdev/php-sdk",
            "version": "1.1.4.2",
            "source": {
                "type": "git",
                "url": "https://github.com/unzerdev/php-sdk.git",
                "reference": "4184b4083567faa4797bc09c9b92b5cf6a8fd9d5"
            },
            "dist": {
                "type": "zip",
                "url": "https://api.github.com/repos/unzerdev/php-sdk/zipball/4184b4083567faa4797bc09c9b92b5cf6a8fd9d5",
                "reference": "4184b4083567faa4797bc09c9b92b5cf6a8fd9d5",
                "shasum": ""
            },
            "require": {
                "ext-json": "*",
                "php": "~7.1.0|~7.2.0|~7.3.0|~7.4.0|~8.0.0|~8.1.0"
            },
            "require-dev": {
                "friendsofphp/php-cs-fixer": "^2.0",
                "phpunit/phpunit": ">6.5 <10.0"
            },
            "suggest": {
                "ext-curl": "*"
            },
            "type": "library",
            "autoload": {
                "psr-4": {
                    "UnzerSDK\\": "src",
                    "UnzerSDK\\examples\\": "examples"
                }
            },
            "notification-url": "https://packagist.org/downloads/",
            "license": [
                "Apache-2.0"
            ],
            "description": "This is the php sdk to connect to the Unzer rest api.",
            "support": {
                "email": "support@unzer.com",
                "source": "https://github.com/unzerdev/php-sdk/tree/1.1.4.2"
            },
            "time": "2022-01-27T11:29:30+00:00"
        }
    ],
    "packages-dev": [],
    "aliases": [],
    "minimum-stability": "stable",
    "stability-flags": [],
    "prefer-stable": false,
    "prefer-lowest": false,
    "platform": [],
    "platform-dev": [],
    "plugin-api-version": "2.3.0"
}
